
Microsoft Visual Studio Solution File, Format Version 12.00
# Visual Studio Version 17
VisualStudioVersion = 17.11.35303.130
MinimumVisualStudioVersion = 10.0.40219.1
Project("{2150E333-8FDC-42A3-9474-1A3956D46DE8}") = "Task0", "Task0", "{D2AFE9F3-448A-4D73-A647-FD90769FE158}"
EndProject
Project("{9A19103F-16F7-4668-BE54-9A1E7A4F7556}") = "Tyuiu.StepanyukMV.Sprint2.Task0.V7", "Tyuiu.StepanyukMV.Sprint2.Task0.V7\Tyuiu.StepanyukMV.Sprint2.Task0.V7.csproj", "{EA57F10D-37BE-4644-A027-B369D4086C15}"
EndProject
Project("{9A19103F-16F7-4668-BE54-9A1E7A4F7556}") = "Tyuiu.StepanyukMV.Sprint2.Task0.V7.Lib", "Tyuiu.StepanyukMV.Sprint2.Task0.V7.Lib\Tyuiu.StepanyukMV.Sprint2.Task0.V7.Lib.csproj", "{EE1E3476-958E-4003-AF70-0FF055E210D5}"
EndProject
Project("{9A19103F-16F7-4668-BE54-9A1E7A4F7556}") = "Tyuiu.StepanyukMV.Sprint2.Task0.V7.Test", "Tyuiu.StepanyukMV.Sprint2.Task0.V7.Test\Tyuiu.StepanyukMV.Sprint2.Task0.V7.Test.csproj", "{9117202A-F4C8-4831-BCB5-1311B0F51BAB}"
EndProject
Project("{2150E333-8FDC-42A3-9474-1A3956D46DE8}") = "Task1", "Task1", "{FB80F9E8-B07F-4330-993C-740CCE505E13}"
EndProject
Project("{9A19103F-16F7-4668-BE54-9A1E7A4F7556}") = "Tyuiu.StepanyukMV.Sprint2.Task1.V17", "Tyuiu.Stepanyuk.MV.Sprint2.Task1.V17\Tyuiu.StepanyukMV.Sprint2.Task1.V17.csproj", "{D6173F00-1753-4953-B30E-4F9F07B617F4}"
EndProject
Project("{9A19103F-16F7-4668-BE54-9A1E7A4F7556}") = "Tyuiu.StepanyukMV.Sprint2.Task1.V17.Lib", "Tyuiu.StepanyukMV.Sprint2.Task1.V17.Lib\Tyuiu.StepanyukMV.Sprint2.Task1.V17.Lib.csproj", "{19A1C970-D621-4B7B-92D1-F756E5314D7D}"
EndProject
Project("{9A19103F-16F7-4668-BE54-9A1E7A4F7556}") = "Tyuiu.StepanyukMV.Sprint2.Task1.V17.Test", "Tyuiu.StepanyukMV.Sprint2.Task1.V17.Test\Tyuiu.StepanyukMV.Sprint2.Task1.V17.Test.csproj", "{9A84695A-CEC7-4FDD-87E4-C11097E714BE}"
EndProject
Project("{2150E333-8FDC-42A3-9474-1A3956D46DE8}") = "Task2", "Task2", "{582FB238-A022-4D39-AC1F-481411D7E5C4}"
EndProject
Project("{9A19103F-16F7-4668-BE54-9A1E7A4F7556}") = "Tyuiu.StepanyukMV.Sprint2.Task2.V29", "Tyuiu.StepanyukMV.Sprint2.Task2.V29\Tyuiu.StepanyukMV.Sprint2.Task2.V29.csproj", "{890E68B9-5B34-49FB-921E-9C2B5C6A0176}"
EndProject
Project("{9A19103F-16F7-4668-BE54-9A1E7A4F7556}") = "Tyuiu.StepanyukMV.Sprint2.Task2.V29.Lib", "Tyuiu.StepanyukMV.Sprint2.Task2.V29.Lib\Tyuiu.StepanyukMV.Sprint2.Task2.V29.Lib.csproj", "{48E7BB80-3CCE-44C3-95A9-4852840EB83E}"
EndProject
Project("{9A19103F-16F7-4668-BE54-9A1E7A4F7556}") = "Tyuiu.StepanyukMV.Sprint2.Task2.V29.Test", "Tyuiu.StepanyukMV.Sprint2.Task2.V29.Test\Tyuiu.StepanyukMV.Sprint2.Task2.V29.Test.csproj", "{18704880-EBD0-4618-9FB0-A09893AA66A1}"
EndProject
Project("{2150E333-8FDC-42A3-9474-1A3956D46DE8}") = "Task3", "Task3", "{78C31D86-C288-4DA0-AB98-B41986F3CA1F}"
EndProject
Project("{FAE04EC0-301F-11D3-BF4B-00C04F79EFBC}") = "Tyuiu.StepanyukMV.Sprint2.Task3.V1", "Tyuiu.StepanyukMV.Sprint2.Task3.V1\Tyuiu.StepanyukMV.Sprint2.Task3.V1.csproj", "{3CB6769E-3705-4B4F-93A2-65CDDC3C58B3}"
EndProject
Project("{FAE04EC0-301F-11D3-BF4B-00C04F79EFBC}") = "Tyuiu.StepanyukMV.Sprint2.Task3.V1.Lib", "Tyuiu.StepanyukMV.Sprint2.Task3.V1.Lib\Tyuiu.StepanyukMV.Sprint2.Task3.V1.Lib.csproj", "{9CA78CE0-F43C-4183-ADB9-ECC052E57EE3}"
EndProject
Project("{FAE04EC0-301F-11D3-BF4B-00C04F79EFBC}") = "Tyuiu.StepanyukMV.Sprint2.Task3.V1.Test", "Tyuiu.StepanyukMV.Sprint2.Task3.V1.Test\Tyuiu.StepanyukMV.Sprint2.Task3.V1.Test.csproj", "{79DA10F0-4025-4AF8-BE4D-ED3ACC978FBB}"
EndProject
Project("{2150E333-8FDC-42A3-9474-1A3956D46DE8}") = "Task4", "Task4", "{7FFBED57-E6E5-47A0-A8A4-49E795B55AF1}"
EndProject
Project("{FAE04EC0-301F-11D3-BF4B-00C04F79EFBC}") = "Tyuiu.StepanyukMV.Sprint2.Task4.V21", "Tyuiu.StepanyukMV.Sprint2.Task4.V21\Tyuiu.StepanyukMV.Sprint2.Task4.V21.csproj", "{36E2F8FD-5871-4D4E-A9E6-25720EF256D3}"
EndProject
Project("{FAE04EC0-301F-11D3-BF4B-00C04F79EFBC}") = "Tyuiu.StepanyukMV.Sprint2.Task4.V21.Lib", "Tyuiu.StepanyukMV.Sprint2.Task4.V21.Lib\Tyuiu.StepanyukMV.Sprint2.Task4.V21.Lib.csproj", "{CA6F5286-CFC1-4AEE-AFF1-1C017EEDCDCF}"
EndProject
Project("{FAE04EC0-301F-11D3-BF4B-00C04F79EFBC}") = "Tyuiu.StepanyukMV.Sprint2.Task4.V21.Test", "Tyuiu.StepanyukMV.Sprint2.Task4.V21.Test\Tyuiu.StepanyukMV.Sprint2.Task4.V21.Test.csproj", "{80F4D66A-752A-4E0C-AC9C-7B22FCDAB952}"
EndProject
Project("{2150E333-8FDC-42A3-9474-1A3956D46DE8}") = "Task5", "Task5", "{53F4DAE5-FDB5-4C86-8D65-1FC72F7D6785}"
EndProject
Project("{FAE04EC0-301F-11D3-BF4B-00C04F79EFBC}") = "Tyuiu.StepanyukMV.Sprint2.Task5.V6", "Tyuiu.StepanyukMV.Sprint2.Task5.V6\Tyuiu.StepanyukMV.Sprint2.Task5.V6.csproj", "{A20AD1C8-A762-49D8-A04A-AF42B120C39E}"
EndProject
Project("{FAE04EC0-301F-11D3-BF4B-00C04F79EFBC}") = "Tyuiu.StepanyukMV.Sprint2.Task5.V6.Lib", "Tyuiu.StepanyukMV.Sprint2.Task5.V6.Lib\Tyuiu.StepanyukMV.Sprint2.Task5.V6.Lib.csproj", "{E22D1129-2488-4B89-9234-188DECC4C4ED}"
EndProject
Project("{FAE04EC0-301F-11D3-BF4B-00C04F79EFBC}") = "Tyuiu.StepanyukMV.Sprint2.Task5.V6.Test", "Tyuiu.StepanyukMV.Sprint2.Task5.V6.Test\Tyuiu.StepanyukMV.Sprint2.Task5.V6.Test.csproj", "{2295576B-B3CF-4B54-91FD-6642B39E6E4F}"
EndProject
Global
	GlobalSection(SolutionConfigurationPlatforms) = preSolution
		Debug|Any CPU = Debug|Any CPU
		Release|Any CPU = Release|Any CPU
	EndGlobalSection
	GlobalSection(ProjectConfigurationPlatforms) = postSolution
		{EA57F10D-37BE-4644-A027-B369D4086C15}.Debug|Any CPU.ActiveCfg = Debug|Any CPU
		{EA57F10D-37BE-4644-A027-B369D4086C15}.Debug|Any CPU.Build.0 = Debug|Any CPU
		{EA57F10D-37BE-4644-A027-B369D4086C15}.Release|Any CPU.ActiveCfg = Release|Any CPU
		{EA57F10D-37BE-4644-A027-B369D4086C15}.Release|Any CPU.Build.0 = Release|Any CPU
		{EE1E3476-958E-4003-AF70-0FF055E210D5}.Debug|Any CPU.ActiveCfg = Debug|Any CPU
		{EE1E3476-958E-4003-AF70-0FF055E210D5}.Debug|Any CPU.Build.0 = Debug|Any CPU
		{EE1E3476-958E-4003-AF70-0FF055E210D5}.Release|Any CPU.ActiveCfg = Release|Any CPU
		{EE1E3476-958E-4003-AF70-0FF055E210D5}.Release|Any CPU.Build.0 = Release|Any CPU
		{9117202A-F4C8-4831-BCB5-1311B0F51BAB}.Debug|Any CPU.ActiveCfg = Debug|Any CPU
		{9117202A-F4C8-4831-BCB5-1311B0F51BAB}.Debug|Any CPU.Build.0 = Debug|Any CPU
		{9117202A-F4C8-4831-BCB5-1311B0F51BAB}.Release|Any CPU.ActiveCfg = Release|Any CPU
		{9117202A-F4C8-4831-BCB5-1311B0F51BAB}.Release|Any CPU.Build.0 = Release|Any CPU
		{D6173F00-1753-4953-B30E-4F9F07B617F4}.Debug|Any CPU.ActiveCfg = Debug|Any CPU
		{D6173F00-1753-4953-B30E-4F9F07B617F4}.Debug|Any CPU.Build.0 = Debug|Any CPU
		{D6173F00-1753-4953-B30E-4F9F07B617F4}.Release|Any CPU.ActiveCfg = Release|Any CPU
		{D6173F00-1753-4953-B30E-4F9F07B617F4}.Release|Any CPU.Build.0 = Release|Any CPU
		{19A1C970-D621-4B7B-92D1-F756E5314D7D}.Debug|Any CPU.ActiveCfg = Debug|Any CPU
		{19A1C970-D621-4B7B-92D1-F756E5314D7D}.Debug|Any CPU.Build.0 = Debug|Any CPU
		{19A1C970-D621-4B7B-92D1-F756E5314D7D}.Release|Any CPU.ActiveCfg = Release|Any CPU
		{19A1C970-D621-4B7B-92D1-F756E5314D7D}.Release|Any CPU.Build.0 = Release|Any CPU
		{9A84695A-CEC7-4FDD-87E4-C11097E714BE}.Debug|Any CPU.ActiveCfg = Debug|Any CPU
		{9A84695A-CEC7-4FDD-87E4-C11097E714BE}.Debug|Any CPU.Build.0 = Debug|Any CPU
		{9A84695A-CEC7-4FDD-87E4-C11097E714BE}.Release|Any CPU.ActiveCfg = Release|Any CPU
		{9A84695A-CEC7-4FDD-87E4-C11097E714BE}.Release|Any CPU.Build.0 = Release|Any CPU
		{890E68B9-5B34-49FB-921E-9C2B5C6A0176}.Debug|Any CPU.ActiveCfg = Debug|Any CPU
		{890E68B9-5B34-49FB-921E-9C2B5C6A0176}.Debug|Any CPU.Build.0 = Debug|Any CPU
		{890E68B9-5B34-49FB-921E-9C2B5C6A0176}.Release|Any CPU.ActiveCfg = Release|Any CPU
		{890E68B9-5B34-49FB-921E-9C2B5C6A0176}.Release|Any CPU.Build.0 = Release|Any CPU
		{48E7BB80-3CCE-44C3-95A9-4852840EB83E}.Debug|Any CPU.ActiveCfg = Debug|Any CPU
		{48E7BB80-3CCE-44C3-95A9-4852840EB83E}.Debug|Any CPU.Build.0 = Debug|Any CPU
		{48E7BB80-3CCE-44C3-95A9-4852840EB83E}.Release|Any CPU.ActiveCfg = Release|Any CPU
		{48E7BB80-3CCE-44C3-95A9-4852840EB83E}.Release|Any CPU.Build.0 = Release|Any CPU
		{18704880-EBD0-4618-9FB0-A09893AA66A1}.Debug|Any CPU.ActiveCfg = Debug|Any CPU
		{18704880-EBD0-4618-9FB0-A09893AA66A1}.Debug|Any CPU.Build.0 = Debug|Any CPU
		{18704880-EBD0-4618-9FB0-A09893AA66A1}.Release|Any CPU.ActiveCfg = Release|Any CPU
		{18704880-EBD0-4618-9FB0-A09893AA66A1}.Release|Any CPU.Build.0 = Release|Any CPU
		{3CB6769E-3705-4B4F-93A2-65CDDC3C58B3}.Debug|Any CPU.ActiveCfg = Debug|Any CPU
		{3CB6769E-3705-4B4F-93A2-65CDDC3C58B3}.Debug|Any CPU.Build.0 = Debug|Any CPU
		{3CB6769E-3705-4B4F-93A2-65CDDC3C58B3}.Release|Any CPU.ActiveCfg = Release|Any CPU
		{3CB6769E-3705-4B4F-93A2-65CDDC3C58B3}.Release|Any CPU.Build.0 = Release|Any CPU
		{9CA78CE0-F43C-4183-ADB9-ECC052E57EE3}.Debug|Any CPU.ActiveCfg = Debug|Any CPU
		{9CA78CE0-F43C-4183-ADB9-ECC052E57EE3}.Debug|Any CPU.Build.0 = Debug|Any CPU
		{9CA78CE0-F43C-4183-ADB9-ECC052E57EE3}.Release|Any CPU.ActiveCfg = Release|Any CPU
		{9CA78CE0-F43C-4183-ADB9-ECC052E57EE3}.Release|Any CPU.Build.0 = Release|Any CPU
		{79DA10F0-4025-4AF8-BE4D-ED3ACC978FBB}.Debug|Any CPU.ActiveCfg = Debug|Any CPU
		{79DA10F0-4025-4AF8-BE4D-ED3ACC978FBB}.Debug|Any CPU.Build.0 = Debug|Any CPU
		{79DA10F0-4025-4AF8-BE4D-ED3ACC978FBB}.Release|Any CPU.ActiveCfg = Release|Any CPU
		{79DA10F0-4025-4AF8-BE4D-ED3ACC978FBB}.Release|Any CPU.Build.0 = Release|Any CPU
		{36E2F8FD-5871-4D4E-A9E6-25720EF256D3}.Debug|Any CPU.ActiveCfg = Debug|Any CPU
		{36E2F8FD-5871-4D4E-A9E6-25720EF256D3}.Debug|Any CPU.Build.0 = Debug|Any CPU
		{36E2F8FD-5871-4D4E-A9E6-25720EF256D3}.Release|Any CPU.ActiveCfg = Release|Any CPU
		{36E2F8FD-5871-4D4E-A9E6-25720EF256D3}.Release|Any CPU.Build.0 = Release|Any CPU
		{CA6F5286-CFC1-4AEE-AFF1-1C017EEDCDCF}.Debug|Any CPU.ActiveCfg = Debug|Any CPU
		{CA6F5286-CFC1-4AEE-AFF1-1C017EEDCDCF}.Debug|Any CPU.Build.0 = Debug|Any CPU
		{CA6F5286-CFC1-4AEE-AFF1-1C017EEDCDCF}.Release|Any CPU.ActiveCfg = Release|Any CPU
		{CA6F5286-CFC1-4AEE-AFF1-1C017EEDCDCF}.Release|Any CPU.Build.0 = Release|Any CPU
		{80F4D66A-752A-4E0C-AC9C-7B22FCDAB952}.Debug|Any CPU.ActiveCfg = Debug|Any CPU
		{80F4D66A-752A-4E0C-AC9C-7B22FCDAB952}.Debug|Any CPU.Build.0 = Debug|Any CPU
		{80F4D66A-752A-4E0C-AC9C-7B22FCDAB952}.Release|Any CPU.ActiveCfg = Release|Any CPU
		{80F4D66A-752A-4E0C-AC9C-7B22FCDAB952}.Release|Any CPU.Build.0 = Release|Any CPU
		{A20AD1C8-A762-49D8-A04A-AF42B120C39E}.Debug|Any CPU.ActiveCfg = Debug|Any CPU
		{A20AD1C8-A762-49D8-A04A-AF42B120C39E}.Debug|Any CPU.Build.0 = Debug|Any CPU
		{A20AD1C8-A762-49D8-A04A-AF42B120C39E}.Release|Any CPU.ActiveCfg = Release|Any CPU
		{A20AD1C8-A762-49D8-A04A-AF42B120C39E}.Release|Any CPU.Build.0 = Release|Any CPU
		{E22D1129-2488-4B89-9234-188DECC4C4ED}.Debug|Any CPU.ActiveCfg = Debug|Any CPU
		{E22D1129-2488-4B89-9234-188DECC4C4ED}.Debug|Any CPU.Build.0 = Debug|Any CPU
		{E22D1129-2488-4B89-9234-188DECC4C4ED}.Release|Any CPU.ActiveCfg = Release|Any CPU
		{E22D1129-2488-4B89-9234-188DECC4C4ED}.Release|Any CPU.Build.0 = Release|Any CPU
		{2295576B-B3CF-4B54-91FD-6642B39E6E4F}.Debug|Any CPU.ActiveCfg = Debug|Any CPU
		{2295576B-B3CF-4B54-91FD-6642B39E6E4F}.Debug|Any CPU.Build.0 = Debug|Any CPU
		{2295576B-B3CF-4B54-91FD-6642B39E6E4F}.Release|Any CPU.ActiveCfg = Release|Any CPU
		{2295576B-B3CF-4B54-91FD-6642B39E6E4F}.Release|Any CPU.Build.0 = Release|Any CPU
	EndGlobalSection
	GlobalSection(SolutionProperties) = preSolution
		HideSolutionNode = FALSE
	EndGlobalSection
	GlobalSection(NestedProjects) = preSolution
		{EA57F10D-37BE-4644-A027-B369D4086C15} = {D2AFE9F3-448A-4D73-A647-FD90769FE158}
		{EE1E3476-958E-4003-AF70-0FF055E210D5} = {D2AFE9F3-448A-4D73-A647-FD90769FE158}
		{9117202A-F4C8-4831-BCB5-1311B0F51BAB} = {D2AFE9F3-448A-4D73-A647-FD90769FE158}
		{D6173F00-1753-4953-B30E-4F9F07B617F4} = {FB80F9E8-B07F-4330-993C-740CCE505E13}
		{19A1C970-D621-4B7B-92D1-F756E5314D7D} = {FB80F9E8-B07F-4330-993C-740CCE505E13}
		{9A84695A-CEC7-4FDD-87E4-C11097E714BE} = {FB80F9E8-B07F-4330-993C-740CCE505E13}
		{890E68B9-5B34-49FB-921E-9C2B5C6A0176} = {582FB238-A022-4D39-AC1F-481411D7E5C4}
		{48E7BB80-3CCE-44C3-95A9-4852840EB83E} = {582FB238-A022-4D39-AC1F-481411D7E5C4}
		{18704880-EBD0-4618-9FB0-A09893AA66A1} = {582FB238-A022-4D39-AC1F-481411D7E5C4}
		{3CB6769E-3705-4B4F-93A2-65CDDC3C58B3} = {78C31D86-C288-4DA0-AB98-B41986F3CA1F}
		{9CA78CE0-F43C-4183-ADB9-ECC052E57EE3} = {78C31D86-C288-4DA0-AB98-B41986F3CA1F}
		{79DA10F0-4025-4AF8-BE4D-ED3ACC978FBB} = {78C31D86-C288-4DA0-AB98-B41986F3CA1F}
		{36E2F8FD-5871-4D4E-A9E6-25720EF256D3} = {7FFBED57-E6E5-47A0-A8A4-49E795B55AF1}
		{CA6F5286-CFC1-4AEE-AFF1-1C017EEDCDCF} = {7FFBED57-E6E5-47A0-A8A4-49E795B55AF1}
		{80F4D66A-752A-4E0C-AC9C-7B22FCDAB952} = {7FFBED57-E6E5-47A0-A8A4-49E795B55AF1}
		{A20AD1C8-A762-49D8-A04A-AF42B120C39E} = {53F4DAE5-FDB5-4C86-8D65-1FC72F7D6785}
		{E22D1129-2488-4B89-9234-188DECC4C4ED} = {53F4DAE5-FDB5-4C86-8D65-1FC72F7D6785}
		{2295576B-B3CF-4B54-91FD-6642B39E6E4F} = {53F4DAE5-FDB5-4C86-8D65-1FC72F7D6785}
	EndGlobalSection
	GlobalSection(ExtensibilityGlobals) = postSolution
		SolutionGuid = {16696A15-6F11-4DFE-9624-238AF2224B20}
	EndGlobalSection
EndGlobal
